// !$*UTF8*$!
{
	archiveVersion = 1;
	classes = {
	};
	objectVersion = 46;
	objects = {

/* Begin PBXBuildFile section */
		A15D26058F9660034E849A20 /* libPods-AFHttpRequest.a in Frameworks */ = {isa = PBXBuildFile; fileRef = 847B1F17354DC975C4E364D0 /* libPods-AFHttpRequest.a */; };
		AB345ADF1F3855760024371A /* main.m in Sources */ = {isa = PBXBuildFile; fileRef = AB345ADE1F3855760024371A /* main.m */; };
		AB345AE21F3855760024371A /* AppDelegate.m in Sources */ = {isa = PBXBuildFile; fileRef = AB345AE11F3855760024371A /* AppDelegate.m */; };
		AB345AE51F3855760024371A /* ViewController.m in Sources */ = {isa = PBXBuildFile; fileRef = AB345AE41F3855760024371A /* ViewController.m */; };
		AB345AE81F3855760024371A /* Main.storyboard in Resources */ = {isa = PBXBuildFile; fileRef = AB345AE61F3855760024371A /* Main.storyboard */; };
		AB345AEA1F3855760024371A /* Assets.xcassets in Resources */ = {isa = PBXBuildFile; fileRef = AB345AE91F3855760024371A /* Assets.xcassets */; };
		AB345AED1F3855760024371A /* LaunchScreen.storyboard in Resources */ = {isa = PBXBuildFile; fileRef = AB345AEB1F3855760024371A /* LaunchScreen.storyboard */; };
		AB345AF81F3855760024371A /* AFHttpRequestTests.m in Sources */ = {isa = PBXBuildFile; fileRef = AB345AF71F3855760024371A /* AFHttpRequestTests.m */; };
		AB345B031F3855760024371A /* AFHttpRequestUITests.m in Sources */ = {isa = PBXBuildFile; fileRef = AB345B021F3855760024371A /* AFHttpRequestUITests.m */; };
		AB345B131F3855920024371A /* AFHttpRequest.m in Sources */ = {isa = PBXBuildFile; fileRef = AB345B121F3855920024371A /* AFHttpRequest.m */; };
/* End PBXBuildFile section */

/* Begin PBXContainerItemProxy section */
		AB345AF41F3855760024371A /* PBXContainerItemProxy */ = {
			isa = PBXContainerItemProxy;
			containerPortal = AB345AD21F3855760024371A /* Project object */;
			proxyType = 1;
			remoteGlobalIDString = AB345AD91F3855760024371A;
			remoteInfo = AFHttpRequest;
		};
		AB345AFF1F3855760024371A /* PBXContainerItemProxy */ = {
			isa = PBXContainerItemProxy;
			containerPortal = AB345AD21F3855760024371A /* Project object */;
			proxyType = 1;
			remoteGlobalIDString = AB345AD91F3855760024371A;
			remoteInfo = AFHttpRequest;
		};
/* End PBXContainerItemProxy section */

/* Begin PBXFileReference section */
		003CF25801BB1488D175B568 /* Pods-AFHttpRequest.debug.xcconfig */ = {isa = PBXFileReference; includeInIndex = 1; lastKnownFileType = text.xcconfig; name = "Pods-AFHttpRequest.debug.xcconfig"; path = "Pods/Target Support Files/Pods-AFHttpRequest/Pods-AFHttpRequest.debug.xcconfig"; sourceTree = "<group>"; };
		5DEC3E1050CF86F96971E83B /* Pods-AFHttpRequest.release.xcconfig */ = {isa = PBXFileReference; includeInIndex = 1; lastKnownFileType = text.xcconfig; name = "Pods-AFHttpRequest.release.xcconfig"; path = "Pods/Target Support Files/Pods-AFHttpRequest/Pods-AFHttpRequest.release.xcconfig"; sourceTree = "<group>"; };
		847B1F17354DC975C4E364D0 /* libPods-AFHttpRequest.a */ = {isa = PBXFileReference; explicitFileType = archive.ar; includeInIndex = 0; path = "libPods-AFHttpRequest.a"; sourceTree = BUILT_PRODUCTS_DIR; };
		AB345ADA1F3855760024371A /* AFHttpRequest.app */ = {isa = PBXFileReference; explicitFileType = wrapper.application; includeInIndex = 0; path = AFHttpRequest.app; sourceTree = BUILT_PRODUCTS_DIR; };
		AB345ADE1F3855760024371A /* main.m */ = {isa = PBXFileReference; lastKnownFileType = sourcecode.c.objc; path = main.m; sourceTree = "<group>"; };
		AB345AE01F3855760024371A /* AppDelegate.h */ = {isa = PBXFileReference; lastKnownFileType = sourcecode.c.h; path = AppDelegate.h; sourceTree = "<group>"; };
		AB345AE11F3855760024371A /* AppDelegate.m */ = {isa = PBXFileReference; lastKnownFileType = sourcecode.c.objc; path = AppDelegate.m; sourceTree = "<group>"; };
		AB345AE31F3855760024371A /* ViewController.h */ = {isa = PBXFileReference; lastKnownFileType = sourcecode.c.h; path = ViewController.h; sourceTree = "<group>"; };
		AB345AE41F3855760024371A /* ViewController.m */ = {isa = PBXFileReference; lastKnownFileType = sourcecode.c.objc; path = ViewController.m; sourceTree = "<group>"; };
		AB345AE71F3855760024371A /* Base */ = {isa = PBXFileReference; lastKnownFileType = file.storyboard; name = Base; path = Base.lproj/Main.storyboard; sourceTree = "<group>"; };
		AB345AE91F3855760024371A /* Assets.xcassets */ = {isa = PBXFileReference; lastKnownFileType = folder.assetcatalog; path = Assets.xcassets; sourceTree = "<group>"; };
		AB345AEC1F3855760024371A /* Base */ = {isa = PBXFileReference; lastKnownFileType = file.storyboard; name = Base; path = Base.lproj/LaunchScreen.storyboard; sourceTree = "<group>"; };
		AB345AEE1F3855760024371A /* Info.plist */ = {isa = PBXFileReference; lastKnownFileType = text.plist.xml; path = Info.plist; sourceTree = "<group>"; };
		AB345AF31F3855760024371A /* AFHttpRequestTests.xctest */ = {isa = PBXFileReference; explicitFileType = wrapper.cfbundle; includeInIndex = 0; path = AFHttpRequestTests.xctest; sourceTree = BUILT_PRODUCTS_DIR; };
		AB345AF71F3855760024371A /* AFHttpRequestTests.m */ = {isa = PBXFileReference; lastKnownFileType = sourcecode.c.objc; path = AFHttpRequestTests.m; sourceTree = "<group>"; };
		AB345AF91F3855760024371A /* Info.plist */ = {isa = PBXFileReference; lastKnownFileType = text.plist.xml; path = Info.plist; sourceTree = "<group>"; };
		AB345AFE1F3855760024371A /* AFHttpRequestUITests.xctest */ = {isa = PBXFileReference; explicitFileType = wrapper.cfbundle; includeInIndex = 0; path = AFHttpRequestUITests.xctest; sourceTree = BUILT_PRODUCTS_DIR; };
		AB345B021F3855760024371A /* AFHttpRequestUITests.m */ = {isa = PBXFileReference; lastKnownFileType = sourcecode.c.objc; path = AFHttpRequestUITests.m; sourceTree = "<group>"; };
		AB345B041F3855760024371A /* Info.plist */ = {isa = PBXFileReference; lastKnownFileType = text.plist.xml; path = Info.plist; sourceTree = "<group>"; };
		AB345B111F3855920024371A /* AFHttpRequest.h */ = {isa = PBXFileReference; fileEncoding = 4; lastKnownFileType = sourcecode.c.h; path = AFHttpRequest.h; sourceTree = "<group>"; };
		AB345B121F3855920024371A /* AFHttpRequest.m */ = {isa = PBXFileReference; fileEncoding = 4; lastKnownFileType = sourcecode.c.objc; path = AFHttpRequest.m; sourceTree = "<group>"; };
/* End PBXFileReference section */

/* Begin PBXFrameworksBuildPhase section */
		AB345AD71F3855760024371A /* Frameworks */ = {
			isa = PBXFrameworksBuildPhase;
			buildActionMask = 2147483647;
			files = (
				A15D26058F9660034E849A20 /* libPods-AFHttpRequest.a in Frameworks */,
			);
			runOnlyForDeploymentPostprocessing = 0;
		};
		AB345AF01F3855760024371A /* Frameworks */ = {
			isa = PBXFrameworksBuildPhase;
			buildActionMask = 2147483647;
			files = (
			);
			runOnlyForDeploymentPostprocessing = 0;
		};
		AB345AFB1F3855760024371A /* Frameworks */ = {
			isa = PBXFrameworksBuildPhase;
			buildActionMask = 2147483647;
			files = (
			);
			runOnlyForDeploymentPostprocessing = 0;
		};
/* End PBXFrameworksBuildPhase section */

/* Begin PBXGroup section */
		8DC1D25324E4DE0A523F56E2 /* Frameworks */ = {
			isa = PBXGroup;
			children = (
				847B1F17354DC975C4E364D0 /* libPods-AFHttpRequest.a */,
			);
			name = Frameworks;
			sourceTree = "<group>";
		};
		A90099F97180B8D4C7BAFE16 /* Pods */ = {
			isa = PBXGroup;
			children = (
				003CF25801BB1488D175B568 /* Pods-AFHttpRequest.debug.xcconfig */,
				5DEC3E1050CF86F96971E83B /* Pods-AFHttpRequest.release.xcconfig */,
			);
			name = Pods;
			sourceTree = "<group>";
		};
		AB345AD11F3855760024371A = {
			isa = PBXGroup;
			children = (
				AB345ADC1F3855760024371A /* AFHttpRequest */,
				AB345AF61F3855760024371A /* AFHttpRequestTests */,
				AB345B011F3855760024371A /* AFHttpRequestUITests */,
				AB345ADB1F3855760024371A /* Products */,
				A90099F97180B8D4C7BAFE16 /* Pods */,
				8DC1D25324E4DE0A523F56E2 /* Frameworks */,
			);
			sourceTree = "<group>";
		};
		AB345ADB1F3855760024371A /* Products */ = {
			isa = PBXGroup;
			children = (
				AB345ADA1F3855760024371A /* AFHttpRequest.app */,
				AB345AF31F3855760024371A /* AFHttpRequestTests.xctest */,
				AB345AFE1F3855760024371A /* AFHttpRequestUITests.xctest */,
			);
			name = Products;
			sourceTree = "<group>";
		};
		AB345ADC1F3855760024371A /* AFHttpRequest */ = {
			isa = PBXGroup;
			children = (
				AB345B101F3855920024371A /* Classes */,
				AB345AE01F3855760024371A /* AppDelegate.h */,
				AB345AE11F3855760024371A /* AppDelegate.m */,
				AB345AE31F3855760024371A /* ViewController.h */,
				AB345AE41F3855760024371A /* ViewController.m */,
				AB345AE61F3855760024371A /* Main.storyboard */,
				AB345AE91F3855760024371A /* Assets.xcassets */,
				AB345AEB1F3855760024371A /* LaunchScreen.storyboard */,
				AB345AEE1F3855760024371A /* Info.plist */,
				AB345ADD1F3855760024371A /* Supporting Files */,
			);
			path = AFHttpRequest;
			sourceTree = "<group>";
		};
		AB345ADD1F3855760024371A /* Supporting Files */ = {
			isa = PBXGroup;
			children = (
				AB345ADE1F3855760024371A /* main.m */,
			);
			name = "Supporting Files";
			sourceTree = "<group>";
		};
		AB345AF61F3855760024371A /* AFHttpRequestTests */ = {
			isa = PBXGroup;
			children = (
				AB345AF71F3855760024371A /* AFHttpRequestTests.m */,
				AB345AF91F3855760024371A /* Info.plist */,
			);
			path = AFHttpRequestTests;
			sourceTree = "<group>";
		};
		AB345B011F3855760024371A /* AFHttpRequestUITests */ = {
			isa = PBXGroup;
			children = (
				AB345B021F3855760024371A /* AFHttpRequestUITests.m */,
				AB345B041F3855760024371A /* Info.plist */,
			);
			path = AFHttpRequestUITests;
			sourceTree = "<group>";
		};
		AB345B101F3855920024371A /* Classes */ = {
			isa = PBXGroup;
			children = (
				AB345B111F3855920024371A /* AFHttpRequest.h */,
				AB345B121F3855920024371A /* AFHttpRequest.m */,
			);
			path = Classes;
			sourceTree = "<group>";
		};
/* End PBXGroup section */

/* Begin PBXNativeTarget section */
		AB345AD91F3855760024371A /* AFHttpRequest */ = {
			isa = PBXNativeTarget;
			buildConfigurationList = AB345B071F3855760024371A /* Build configuration list for PBXNativeTarget "AFHttpRequest" */;
			buildPhases = (
				0EA7A0C638C3DA64714DC14E /* [CP] Check Pods Manifest.lock */,
				AB345AD61F3855760024371A /* Sources */,
				AB345AD71F3855760024371A /* Frameworks */,
				AB345AD81F3855760024371A /* Resources */,
				15AE3BDAC3C011CA1E540817 /* [CP] Embed Pods Frameworks */,
				F0A4A012370A7A537E8FF09C /* [CP] Copy Pods Resources */,
			);
			buildRules = (
			);
			dependencies = (
			);
			name = AFHttpRequest;
			productName = AFHttpRequest;
			productReference = AB345ADA1F3855760024371A /* AFHttpRequest.app */;
			productType = "com.apple.product-type.application";
		};
		AB345AF21F3855760024371A /* AFHttpRequestTests */ = {
			isa = PBXNativeTarget;
			buildConfigurationList = AB345B0A1F3855760024371A /* Build configuration list for PBXNativeTarget "AFHttpRequestTests" */;
			buildPhases = (
				AB345AEF1F3855760024371A /* Sources */,
				AB345AF01F3855760024371A /* Frameworks */,
				AB345AF11F3855760024371A /* Resources */,
			);
			buildRules = (
			);
			dependencies = (
				AB345AF51F3855760024371A /* PBXTargetDependency */,
			);
			name = AFHttpRequestTests;
			productName = AFHttpRequestTests;
			productReference = AB345AF31F3855760024371A /* AFHttpRequestTests.xctest */;
			productType = "com.apple.product-type.bundle.unit-test";
		};
		AB345AFD1F3855760024371A /* AFHttpRequestUITests */ = {
			isa = PBXNativeTarget;
			buildConfigurationList = AB345B0D1F3855760024371A /* Build configuration list for PBXNativeTarget "AFHttpRequestUITests" */;
			buildPhases = (
				AB345AFA1F3855760024371A /* Sources */,
				AB345AFB1F3855760024371A /* Frameworks */,
				AB345AFC1F3855760024371A /* Resources */,
			);
			buildRules = (
			);
			dependencies = (
				AB345B001F3855760024371A /* PBXTargetDependency */,
			);
			name = AFHttpRequestUITests;
			productName = AFHttpRequestUITests;
			productReference = AB345AFE1F3855760024371A /* AFHttpRequestUITests.xctest */;
			productType = "com.apple.product-type.bundle.ui-testing";
		};
/* End PBXNativeTarget section */

/* Begin PBXProject section */
		AB345AD21F3855760024371A /* Project object */ = {
			isa = PBXProject;
			attributes = {
				LastUpgradeCheck = 0830;
				ORGANIZATIONNAME = com.easyto.pipixiatrip;
				TargetAttributes = {
					AB345AD91F3855760024371A = {
						CreatedOnToolsVersion = 8.3.3;
						DevelopmentTeam = P4467RXB2M;
						ProvisioningStyle = Automatic;
					};
					AB345AF21F3855760024371A = {
						CreatedOnToolsVersion = 8.3.3;
						ProvisioningStyle = Automatic;
						TestTargetID = AB345AD91F3855760024371A;
					};
					AB345AFD1F3855760024371A = {
						CreatedOnToolsVersion = 8.3.3;
						ProvisioningStyle = Automatic;
						TestTargetID = AB345AD91F3855760024371A;
					};
				};
			};
			buildConfigurationList = AB345AD51F3855760024371A /* Build configuration list for PBXProject "AFHttpRequest" */;
			compatibilityVersion = "Xcode 3.2";
			developmentRegion = English;
			hasScannedForEncodings = 0;
			knownRegions = (
				en,
				Base,
			);
			mainGroup = AB345AD11F3855760024371A;
			productRefGroup = AB345ADB1F3855760024371A /* Products */;
			projectDirPath = "";
			projectRoot = "";
			targets = (
				AB345AD91F3855760024371A /* AFHttpRequest */,
				AB345AF21F3855760024371A /* AFHttpRequestTests */,
				AB345AFD1F3855760024371A /* AFHttpRequestUITests */,
			);
		};
/* End PBXProject section */

/* Begin PBXResourcesBuildPhase section */
		AB345AD81F3855760024371A /* Resources */ = {
			isa = PBXResourcesBuildPhase;
			buildActionMask = 2147483647;
			files = (
				AB345AED1F3855760024371A /* LaunchScreen.storyboard in Resources */,
				AB345AEA1F3855760024371A /* Assets.xcassets in Resources */,
				AB345AE81F3855760024371A /* Main.storyboard in Resources */,
			);
			runOnlyForDeploymentPostprocessing = 0;
		};
		AB345AF11F3855760024371A /* Resources */ = {
			isa = PBXResourcesBuildPhase;
			buildActionMask = 2147483647;
			files = (
			);
			runOnlyForDeploymentPostprocessing = 0;
		};
		AB345AFC1F3855760024371A /* Resources */ = {
			isa = PBXResourcesBuildPhase;
			buildActionMask = 2147483647;
			files = (
			);
			runOnlyForDeploymentPostprocessing = 0;
		};
/* End PBXResourcesBuildPhase section */

/* Begin PBXShellScriptBuildPhase section */
		0EA7A0C638C3DA64714DC14E /* [CP] Check Pods Manifest.lock */ = {
			isa = PBXShellScriptBuildPhase;
			buildActionMask = 2147483647;
			files = (
			);
			inputPaths = (
			);
			name = "[CP] Check Pods Manifest.lock";
			outputPaths = (
			);
			runOnlyForDeploymentPostprocessing = 0;
			shellPath = /bin/sh;
			shellScript = "diff \"${PODS_PODFILE_DIR_PATH}/Podfile.lock\" \"${PODS_ROOT}/Manifest.lock\" > /dev/null\nif [ $? != 0 ] ; then\n    # print error to STDERR\n    echo \"error: The sandbox is not in sync with the Podfile.lock. Run 'pod install' or update your CocoaPods installation.\" >&2\n    exit 1\nfi\n";
			showEnvVarsInLog = 0;
		};
		15AE3BDAC3C011CA1E540817 /* [CP] Embed Pods Frameworks */ = {
			isa = PBXShellScriptBuildPhase;
			buildActionMask = 2147483647;
			files = (
			);
			inputPaths = (
			);
			name = "[CP] Embed Pods Frameworks";
			outputPaths = (
			);
			runOnlyForDeploymentPostprocessing = 0;
			shellPath = /bin/sh;
			shellScript = "\"${SRCROOT}/Pods/Target Support Files/Pods-AFHttpRequest/Pods-AFHttpRequest-frameworks.sh\"\n";
			showEnvVarsInLog = 0;
		};
		F0A4A012370A7A537E8FF09C /* [CP] Copy Pods Resources */ = {
			isa = PBXShellScriptBuildPhase;
			buildActionMask = 2147483647;
			files = (
			);
			inputPaths = (
			);
			name = "[CP] Copy Pods Resources";
			outputPaths = (
			);
			runOnlyForDeploymentPostprocessing = 0;
			shellPath = /bin/sh;
			shellScript = "\"${SRCROOT}/Pods/Target Support Files/Pods-AFHttpRequest/Pods-AFHttpRequest-resources.sh\"\n";
			showEnvVarsInLog = 0;
		};
/* End PBXShellScriptBuildPhase section */

/* Begin PBXSourcesBuildPhase section */
		AB345AD61F3855760024371A /* Sources */ = {
			isa = PBXSourcesBuildPhase;
			buildActionMask = 2147483647;
			files = (
				AB345AE51F3855760024371A /* ViewController.m in Sources */,
				AB345AE21F3855760024371A /* AppDelegate.m in Sources */,
				AB345B131F3855920024371A /* AFHttpRequest.m in Sources */,
				AB345ADF1F3855760024371A /* main.m in Sources */,
			);
			runOnlyForDeploymentPostprocessing = 0;
		};
		AB345AEF1F3855760024371A /* Sources */ = {
			isa = PBXSourcesBuildPhase;
			buildActionMask = 2147483647;
			files = (
				AB345AF81F3855760024371A /* AFHttpRequestTests.m in Sources */,
			);
			runOnlyForDeploymentPostprocessing = 0;
		};
		AB345AFA1F3855760024371A /* Sources */ = {
			isa = PBXSourcesBuildPhase;
			buildActionMask = 2147483647;
			files = (
				AB345B031F3855760024371A /* AFHttpRequestUITests.m in Sources */,
			);
			runOnlyForDeploymentPostprocessing = 0;
		};
/* End PBXSourcesBuildPhase section */

/* Begin PBXTargetDependency section */
		AB345AF51F3855760024371A /* PBXTargetDependency */ = {
			isa = PBXTargetDependency;
			target = AB345AD91F3855760024371A /* AFHttpRequest */;
			targetProxy = AB345AF41F3855760024371A /* PBXContainerItemProxy */;
		};
		AB345B001F3855760024371A /* PBXTargetDependency */ = {
			isa = PBXTargetDependency;
			target = AB345AD91F3855760024371A /* AFHttpRequest */;
			targetProxy = AB345AFF1F3855760024371A /* PBXContainerItemProxy */;
		};
/* End PBXTargetDependency section */

/* Begin PBXVariantGroup section */
		AB345AE61F3855760024371A /* Main.storyboard */ = {
			isa = PBXVariantGroup;
			children = (
				AB345AE71F3855760024371A /* Base */,
			);
			name = Main.storyboard;
			sourceTree = "<group>";
		};
		AB345AEB1F3855760024371A /* LaunchScreen.storyboard */ = {
			isa = PBXVariantGroup;
			children = (
				AB345AEC1F3855760024371A /* Base */,
			);
			name = LaunchScreen.storyboard;
			sourceTree = "<group>";
		};
/* End PBXVariantGroup section */

/* Begin XCBuildConfiguration section */
		AB345B051F3855760024371A /* Debug */ = {
			isa = XCBuildConfiguration;
			buildSettings = {
				ALWAYS_SEARCH_USER_PATHS = NO;
				CLANG_ANALYZER_NONNULL = YES;
				CLANG_ANALYZER_NUMBER_OBJECT_CONVERSION = YES_AGGRESSIVE;
				CLANG_CXX_LANGUAGE_STANDARD = "gnu++0x";
				CLANG_CXX_LIBRARY = "libc++";
				CLANG_ENABLE_MODULES = YES;
				CLANG_ENABLE_OBJC_ARC = YES;
				CLANG_WARN_BOOL_CONVERSION = YES;
				CLANG_WARN_CONSTANT_CONVERSION = YES;
				CLANG_WARN_DIRECT_OBJC_ISA_USAGE = YES_ERROR;
				CLANG_WARN_DOCUMENTATION_COMMENTS = YES;
				CLANG_WARN_EMPTY_BODY = YES;
				CLANG_WARN_ENUM_CONVERSION = YES;
				CLANG_WARN_INFINITE_RECURSION = YES;
				CLANG_WARN_INT_CONVERSION = YES;
				CLANG_WARN_OBJC_ROOT_CLASS = YES_ERROR;
				CLANG_WARN_SUSPICIOUS_MOVE = YES;
				CLANG_WARN_UNREACHABLE_CODE = YES;
				CLANG_WARN__DUPLICATE_METHOD_MATCH = YES;
				"CODE_SIGN_IDENTITY[sdk=iphoneos*]" = "iPhone Developer";
				COPY_PHASE_STRIP = NO;
				DEBUG_INFORMATION_FORMAT = dwarf;
				ENABLE_STRICT_OBJC_MSGSEND = YES;
				ENABLE_TESTABILITY = YES;
				GCC_C_LANGUAGE_STANDARD = gnu99;
				GCC_DYNAMIC_NO_PIC = NO;
				GCC_NO_COMMON_BLOCKS = YES;
				GCC_OPTIMIZATION_LEVEL = 0;
				GCC_PREPROCESSOR_DEFINITIONS = (
					"DEBUG=1",
					"$(inherited)",
				);
				GCC_WARN_64_TO_32_BIT_CONVERSION = YES;
				GCC_WARN_ABOUT_RETURN_TYPE = YES_ERROR;
				GCC_WARN_UNDECLARED_SELECTOR = YES;
				GCC_WARN_UNINITIALIZED_AUTOS = YES_AGGRESSIVE;
				GCC_WARN_UNUSED_FUNCTION = YES;
				GCC_WARN_UNUSED_VARIABLE = YES;
				IPHONEOS_DEPLOYMENT_TARGET = 10.3;
				MTL_ENABLE_DEBUG_INFO = YES;
				ONLY_ACTIVE_ARCH = YES;
				SDKROOT = iphoneos;
				TARGETED_DEVICE_FAMILY = "1,2";
			};
			name = Debug;
		};
		AB345B061F3855760024371A /* Release */ = {
			isa = XCBuildConfiguration;
			buildSettings = {
				ALWAYS_SEARCH_USER_PATHS = NO;
				CLANG_ANALYZER_NONNULL = YES;
				CLANG_ANALYZER_NUMBER_OBJECT_CONVERSION = YES_AGGRESSIVE;
				CLANG_CXX_LANGUAGE_STANDARD = "gnu++0x";
				CLANG_CXX_LIBRARY = "libc++";
				CLANG_ENABLE_MODULES = YES;
				CLANG_ENABLE_OBJC_ARC = YES;
				CLANG_WARN_BOOL_CONVERSION = YES;
				CLANG_WARN_CONSTANT_CONVERSION = YES;
				CLANG_WARN_DIRECT_OBJC_ISA_USAGE = YES_ERROR;
				CLANG_WARN_DOCUMENTATION_COMMENTS = YES;
				CLANG_WARN_EMPTY_BODY = YES;
				CLANG_WARN_ENUM_CONVERSION = YES;
				CLANG_WARN_INFINITE_RECURSION = YES;
				CLANG_WARN_INT_CONVERSION = YES;
				CLANG_WARN_OBJC_ROOT_CLASS = YES_ERROR;
				CLANG_WARN_SUSPICIOUS_MOVE = YES;
				CLANG_WARN_UNREACHABLE_CODE = YES;
				CLANG_WARN__DUPLICATE_METHOD_MATCH = YES;
				"CODE_SIGN_IDENTITY[sdk=iphoneos*]" = "iPhone Developer";
				COPY_PHASE_STRIP = NO;
				DEBUG_INFORMATION_FORMAT = "dwarf-with-dsym";
				ENABLE_NS_ASSERTIONS = NO;
				ENABLE_STRICT_OBJC_MSGSEND = YES;
				GCC_C_LANGUAGE_STANDARD = gnu99;
				GCC_NO_COMMON_BLOCKS = YES;
				GCC_WARN_64_TO_32_BIT_CONVERSION = YES;
				GCC_WARN_ABOUT_RETURN_TYPE = YES_ERROR;
				GCC_WARN_UNDECLARED_SELECTOR = YES;
				GCC_WARN_UNINITIALIZED_AUTOS = YES_AGGRESSIVE;
				GCC_WARN_UNUSED_FUNCTION = YES;
				GCC_WARN_UNUSED_VARIABLE = YES;
				IPHONEOS_DEPLOYMENT_TARGET = 10.3;
				MTL_ENABLE_DEBUG_INFO = NO;
				SDKROOT = iphoneos;
				TARGETED_DEVICE_FAMILY = "1,2";
				VALIDATE_PRODUCT = YES;
			};
			name = Release;
		};
		AB345B081F3855760024371A /* Debug */ = {
			isa = XCBuildConfiguration;
			baseConfigurationReference = 003CF25801BB1488D175B568 /* Pods-AFHttpRequest.debug.xcconfig */;
			buildSettings = {
				ASSETCATALOG_COMPILER_APPICON_NAME = AppIcon;
				DEVELOPMENT_TEAM = P4467RXB2M;
				INFOPLIST_FILE = AFHttpRequest/Info.plist;
				IPHONEOS_DEPLOYMENT_TARGET = 9.0;
				LD_RUNPATH_SEARCH_PATHS = "$(inherited) @executable_path/Frameworks";
				PRODUCT_BUNDLE_IDENTIFIER = com.pipixia.travel.AFHttpRequest;
				PRODUCT_NAME = "$(TARGET_NAME)";
			};
			name = Debug;
		};
		AB345B091F3855760024371A /* Release */ = {
			isa = XCBuildConfiguration;
			baseConfigurationReference = 5DEC3E1050CF86F96971E83B /* Pods-AFHttpRequest.release.xcconfig */;
			buildSettings = {
				ASSETCATALOG_COMPILER_APPICON_NAME = AppIcon;
				DEVELOPMENT_TEAM = P4467RXB2M;
				INFOPLIST_FILE = AFHttpRequest/Info.plist;
				IPHONEOS_DEPLOYMENT_TARGET = 9.0;
				LD_RUNPATH_SEARCH_PATHS = "$(inherited) @executable_path/Frameworks";
				PRODUCT_BUNDLE_IDENTIFIER = com.pipixia.travel.AFHttpRequest;
				PRODUCT_NAME = "$(TARGET_NAME)";
			};
			name = Release;
		};
		AB345B0B1F3855760024371A /* Debug */ = {
			isa = XCBuildConfiguration;
			buildSettings = {
				BUNDLE_LOADER = "$(TEST_HOST)";
				INFOPLIST_FILE = AFHttpRequestTests/Info.plist;
				LD_RUNPATH_SEARCH_PATHS = "$(inherited) @executable_path/Frameworks @loader_path/Frameworks";
				PRODUCT_BUNDLE_IDENTIFIER = com.pipixia.travel.AFHttpRequestTests;
				PRODUCT_NAME = "$(TARGET_NAME)";
				TEST_HOST = "$(BUILT_PRODUCTS_DIR)/AFHttpRequest.app/AFHttpRequest";
			};
			name = Debug;
		};
		AB345B0C1F3855760024371A /* Release */ = {
			isa = XCBuildConfiguration;
			buildSettings = {
				BUNDLE_LOADER = "$(TEST_HOST)";
				INFOPLIST_FILE = AFHttpRequestTests/Info.plist;
				LD_RUNPATH_SEARCH_PATHS = "$(inherited) @executable_path/Frameworks @loader_path/Frameworks";
				PRODUCT_BUNDLE_IDENTIFIER = com.pipixia.travel.AFHttpRequestTests;
				PRODUCT_NAME = "$(TARGET_NAME)";
				TEST_HOST = "$(BUILT_PRODUCTS_DIR)/AFHttpRequest.app/AFHttpRequest";
			};
			name = Release;
		};
		AB345B0E1F3855760024371A /* Debug */ = {
			isa = XCBuildConfiguration;
			buildSettings = {
				INFOPLIST_FILE = AFHttpRequestUITests/Info.plist;
				LD_RUNPATH_SEARCH_PATHS = "$(inherited) @executable_path/Frameworks @loader_path/Frameworks";
				PRODUCT_BUNDLE_IDENTIFIER = com.pipixia.travel.AFHttpRequestUITests;
				PRODUCT_NAME = "$(TARGET_NAME)";
				TEST_TARGET_NAME = AFHttpRequest;
			};
			name = Debug;
		};
		AB345B0F1F3855760024371A /* Release */ = {
			isa = XCBuildConfiguration;
			buildSettings = {
				INFOPLIST_FILE = AFHttpRequestUITests/Info.plist;
				LD_RUNPATH_SEARCH_PATHS = "$(inherited) @executable_path/Frameworks @loader_path/Frameworks";
				PRODUCT_BUNDLE_IDENTIFIER = com.pipixia.travel.AFHttpRequestUITests;
				PRODUCT_NAME = "$(TARGET_NAME)";
				TEST_TARGET_NAME = AFHttpRequest;
			};
			name = Release;
		};
/* End XCBuildConfiguration section */

/* Begin XCConfigurationList section */
		AB345AD51F3855760024371A /* Build configuration list for PBXProject "AFHttpRequest" */ = {
			isa = XCConfigurationList;
			buildConfigurations = (
				AB345B051F3855760024371A /* Debug */,
				AB345B061F3855760024371A /* Release */,
			);
			defaultConfigurationIsVisible = 0;
			defaultConfigurationName = Release;
		};
		AB345B071F3855760024371A /* Build configuration list for PBXNativeTarget "AFHttpRequest" */ = {
			isa = XCConfigurationList;
			buildConfigurations = (
				AB345B081F3855760024371A /* Debug */,
				AB345B091F3855760024371A /* Release */,
			);
			defaultConfigurationIsVisible = 0;
			defaultConfigurationName = Release;
		};
		AB345B0A1F3855760024371A /* Build configuration list for PBXNativeTarget "AFHttpRequestTests" */ = {
			isa = XCConfigurationList;
			buildConfigurations = (
				AB345B0B1F3855760024371A /* Debug */,
				AB345B0C1F3855760024371A /* Release */,
			);
			defaultConfigurationIsVisible = 0;
			defaultConfigurationName = Release;
		};
		AB345B0D1F3855760024371A /* Build configuration list for PBXNativeTarget "AFHttpRequestUITests" */ = {
			isa = XCConfigurationList;
			buildConfigurations = (
				AB345B0E1F3855760024371A /* Debug */,
				AB345B0F1F3855760024371A /* Release */,
			);
			defaultConfigurationIsVisible = 0;
			defaultConfigurationName = Release;
		};
/* End XCConfigurationList section */
	};
	rootObject = AB345AD21F3855760024371A /* Project object */;
}
